
Microsoft Visual Studio Solution File, Format Version 12.00
# Visual Studio Version 17
VisualStudioVersion = 17.7.34031.279
MinimumVisualStudioVersion = 10.0.40219.1
Project("{FAE04EC0-301F-11D3-BF4B-00C04F79EFBC}") = "HolaMundo", "HolaMundo\HolaMundo.csproj", "{F680101A-75B2-4108-8218-4419A1A6C619}"
EndProject
Global
	GlobalSection(SolutionConfigurationPlatforms) = preSolution
		Debug|Any CPU = Debug|Any CPU
		Release|Any CPU = Release|Any CPU
	EndGlobalSection
	GlobalSection(ProjectConfigurationPlatforms) = postSolution
		{F680101A-75B2-4108-8218-4419A1A6C619}.Debug|Any CPU.ActiveCfg = Debug|Any CPU
		{F680101A-75B2-4108-8218-4419A1A6C619}.Debug|Any CPU.Build.0 = Debug|Any CPU
		{F680101A-75B2-4108-8218-4419A1A6C619}.Release|Any CPU.ActiveCfg = Release|Any CPU
		{F680101A-75B2-4108-8218-4419A1A6C619}.Release|Any CPU.Build.0 = Release|Any CPU
	EndGlobalSection
	GlobalSection(SolutionProperties) = preSolution
		HideSolutionNode = FALSE
	EndGlobalSection
	GlobalSection(ExtensibilityGlobals) = postSolution
		SolutionGuid = {D1133C41-CD3F-4CC6-A42C-270A5DF00C31}
	EndGlobalSection
EndGlobal
